
Microsoft Visual Studio Solution File, Format Version 12.00
# Visual Studio Version 17
VisualStudioVersion = 17.3.32819.101
MinimumVisualStudioVersion = 10.0.40219.1
Project("{9A19103F-16F7-4668-BE54-9A1E7A4F7556}") = "1HelloWorld", "1HelloWorld\1HelloWorld.csproj", "{EA8E691A-C1AD-412A-8CA4-B8AB74269394}"
EndProject
Project("{9A19103F-16F7-4668-BE54-9A1E7A4F7556}") = "3DatentypenKonvertierung", "3DatentypenKonvertierung\3DatentypenKonvertierung.csproj", "{07FC92E5-3B6D-4D62-B62F-BB181C83F1B7}"
EndProject
Project("{FAE04EC0-301F-11D3-BF4B-00C04F79EFBC}") = "4Operatoren", "4Operatoren\4Operatoren.csproj", "{1833119A-8D7D-473F-BCA2-5B1D019B84AA}"
EndProject
Global
	GlobalSection(SolutionConfigurationPlatforms) = preSolution
		Debug|Any CPU = Debug|Any CPU
		Release|Any CPU = Release|Any CPU
	EndGlobalSection
	GlobalSection(ProjectConfigurationPlatforms) = postSolution
		{EA8E691A-C1AD-412A-8CA4-B8AB74269394}.Debug|Any CPU.ActiveCfg = Debug|Any CPU
		{EA8E691A-C1AD-412A-8CA4-B8AB74269394}.Debug|Any CPU.Build.0 = Debug|Any CPU
		{EA8E691A-C1AD-412A-8CA4-B8AB74269394}.Release|Any CPU.ActiveCfg = Release|Any CPU
		{EA8E691A-C1AD-412A-8CA4-B8AB74269394}.Release|Any CPU.Build.0 = Release|Any CPU
		{07FC92E5-3B6D-4D62-B62F-BB181C83F1B7}.Debug|Any CPU.ActiveCfg = Debug|Any CPU
		{07FC92E5-3B6D-4D62-B62F-BB181C83F1B7}.Debug|Any CPU.Build.0 = Debug|Any CPU
		{07FC92E5-3B6D-4D62-B62F-BB181C83F1B7}.Release|Any CPU.ActiveCfg = Release|Any CPU
		{07FC92E5-3B6D-4D62-B62F-BB181C83F1B7}.Release|Any CPU.Build.0 = Release|Any CPU
		{1833119A-8D7D-473F-BCA2-5B1D019B84AA}.Debug|Any CPU.ActiveCfg = Debug|Any CPU
		{1833119A-8D7D-473F-BCA2-5B1D019B84AA}.Debug|Any CPU.Build.0 = Debug|Any CPU
		{1833119A-8D7D-473F-BCA2-5B1D019B84AA}.Release|Any CPU.ActiveCfg = Release|Any CPU
		{1833119A-8D7D-473F-BCA2-5B1D019B84AA}.Release|Any CPU.Build.0 = Release|Any CPU
	EndGlobalSection
	GlobalSection(SolutionProperties) = preSolution
		HideSolutionNode = FALSE
	EndGlobalSection
	GlobalSection(ExtensibilityGlobals) = postSolution
		SolutionGuid = {BB363B6B-B8A4-4DEB-9EBB-D4BF8A32791C}
	EndGlobalSection
EndGlobal
